// !$*UTF8*$!
{
	archiveVersion = 1;
	classes = {
	};
	objectVersion = 56;
	objects = {

/* Begin PBXBuildFile section */
		7F2806942BBEBD9D007E26AB /* AppDelegate.swift in Sources */ = {isa = PBXBuildFile; fileRef = 7F2806932BBEBD9D007E26AB /* AppDelegate.swift */; };
		7F2806962BBEBD9D007E26AB /* SceneDelegate.swift in Sources */ = {isa = PBXBuildFile; fileRef = 7F2806952BBEBD9D007E26AB /* SceneDelegate.swift */; };
		7F2806982BBEBD9D007E26AB /* ViewController.swift in Sources */ = {isa = PBXBuildFile; fileRef = 7F2806972BBEBD9D007E26AB /* ViewController.swift */; };
		7F28069B2BBEBD9D007E26AB /* Base in Resources */ = {isa = PBXBuildFile; fileRef = 7F28069A2BBEBD9D007E26AB /* Base */; };
		7F28069D2BBEBD9E007E26AB /* Assets.xcassets in Resources */ = {isa = PBXBuildFile; fileRef = 7F28069C2BBEBD9E007E26AB /* Assets.xcassets */; };
		7F2806A02BBEBD9E007E26AB /* Base in Resources */ = {isa = PBXBuildFile; fileRef = 7F28069F2BBEBD9E007E26AB /* Base */; };
		7F2806A82BBEBDF7007E26AB /* MainTabBarViewController.swift in Sources */ = {isa = PBXBuildFile; fileRef = 7F2806A72BBEBDF7007E26AB /* MainTabBarViewController.swift */; };
		7F2806B12BBF1A6F007E26AB /* BaseView.swift in Sources */ = {isa = PBXBuildFile; fileRef = 7F2806B02BBF1A6F007E26AB /* BaseView.swift */; };
		7F2806B42BBF1A86007E26AB /* SnapKit in Frameworks */ = {isa = PBXBuildFile; productRef = 7F2806B32BBF1A86007E26AB /* SnapKit */; };
		7F2806B62BBF1A86007E26AB /* SnapKit-Dynamic in Frameworks */ = {isa = PBXBuildFile; productRef = 7F2806B52BBF1A86007E26AB /* SnapKit-Dynamic */; };
		7F2806B82BBF1A97007E26AB /* BaseViewController.swift in Sources */ = {isa = PBXBuildFile; fileRef = 7F2806B72BBF1A97007E26AB /* BaseViewController.swift */; };
		7F2806CB2BBF1DC9007E26AB /* HomeViewController.swift in Sources */ = {isa = PBXBuildFile; fileRef = 7F2806CA2BBF1DC9007E26AB /* HomeViewController.swift */; };
		7F2806CD2BBF1DD4007E26AB /* HomeView.swift in Sources */ = {isa = PBXBuildFile; fileRef = 7F2806CC2BBF1DD4007E26AB /* HomeView.swift */; };
		7F2806CF2BBF1ED7007E26AB /* FavoriteView.swift in Sources */ = {isa = PBXBuildFile; fileRef = 7F2806CE2BBF1ED7007E26AB /* FavoriteView.swift */; };
		7F2806D12BBF1EF0007E26AB /* FavoriteViewController.swift in Sources */ = {isa = PBXBuildFile; fileRef = 7F2806D02BBF1EF0007E26AB /* FavoriteViewController.swift */; };
/* End PBXBuildFile section */

/* Begin PBXFileReference section */
		7F2806902BBEBD9D007E26AB /* News_App.app */ = {isa = PBXFileReference; explicitFileType = wrapper.application; includeInIndex = 0; path = News_App.app; sourceTree = BUILT_PRODUCTS_DIR; };
		7F2806932BBEBD9D007E26AB /* AppDelegate.swift */ = {isa = PBXFileReference; lastKnownFileType = sourcecode.swift; path = AppDelegate.swift; sourceTree = "<group>"; };
		7F2806952BBEBD9D007E26AB /* SceneDelegate.swift */ = {isa = PBXFileReference; lastKnownFileType = sourcecode.swift; path = SceneDelegate.swift; sourceTree = "<group>"; };
		7F2806972BBEBD9D007E26AB /* ViewController.swift */ = {isa = PBXFileReference; lastKnownFileType = sourcecode.swift; path = ViewController.swift; sourceTree = "<group>"; };
		7F28069A2BBEBD9D007E26AB /* Base */ = {isa = PBXFileReference; lastKnownFileType = file.storyboard; name = Base; path = Base.lproj/Main.storyboard; sourceTree = "<group>"; };
		7F28069C2BBEBD9E007E26AB /* Assets.xcassets */ = {isa = PBXFileReference; lastKnownFileType = folder.assetcatalog; path = Assets.xcassets; sourceTree = "<group>"; };
		7F28069F2BBEBD9E007E26AB /* Base */ = {isa = PBXFileReference; lastKnownFileType = file.storyboard; name = Base; path = Base.lproj/LaunchScreen.storyboard; sourceTree = "<group>"; };
		7F2806A12BBEBD9E007E26AB /* Info.plist */ = {isa = PBXFileReference; lastKnownFileType = text.plist.xml; path = Info.plist; sourceTree = "<group>"; };
		7F2806A72BBEBDF7007E26AB /* MainTabBarViewController.swift */ = {isa = PBXFileReference; lastKnownFileType = sourcecode.swift; path = MainTabBarViewController.swift; sourceTree = "<group>"; };
		7F2806B02BBF1A6F007E26AB /* BaseView.swift */ = {isa = PBXFileReference; lastKnownFileType = sourcecode.swift; path = BaseView.swift; sourceTree = "<group>"; };
		7F2806B72BBF1A97007E26AB /* BaseViewController.swift */ = {isa = PBXFileReference; lastKnownFileType = sourcecode.swift; path = BaseViewController.swift; sourceTree = "<group>"; };
		7F2806CA2BBF1DC9007E26AB /* HomeViewController.swift */ = {isa = PBXFileReference; lastKnownFileType = sourcecode.swift; path = HomeViewController.swift; sourceTree = "<group>"; };
		7F2806CC2BBF1DD4007E26AB /* HomeView.swift */ = {isa = PBXFileReference; lastKnownFileType = sourcecode.swift; path = HomeView.swift; sourceTree = "<group>"; };
		7F2806CE2BBF1ED7007E26AB /* FavoriteView.swift */ = {isa = PBXFileReference; lastKnownFileType = sourcecode.swift; path = FavoriteView.swift; sourceTree = "<group>"; };
		7F2806D02BBF1EF0007E26AB /* FavoriteViewController.swift */ = {isa = PBXFileReference; lastKnownFileType = sourcecode.swift; path = FavoriteViewController.swift; sourceTree = "<group>"; };
/* End PBXFileReference section */

/* Begin PBXFrameworksBuildPhase section */
		7F28068D2BBEBD9D007E26AB /* Frameworks */ = {
			isa = PBXFrameworksBuildPhase;
			buildActionMask = 2147483647;
			files = (
				7F2806B42BBF1A86007E26AB /* SnapKit in Frameworks */,
				7F2806B62BBF1A86007E26AB /* SnapKit-Dynamic in Frameworks */,
			);
			runOnlyForDeploymentPostprocessing = 0;
		};
/* End PBXFrameworksBuildPhase section */

/* Begin PBXGroup section */
		7F2806872BBEBD9D007E26AB = {
			isa = PBXGroup;
			children = (
				7F2806922BBEBD9D007E26AB /* News_App */,
				7F2806912BBEBD9D007E26AB /* Products */,
			);
			sourceTree = "<group>";
		};
		7F2806912BBEBD9D007E26AB /* Products */ = {
			isa = PBXGroup;
			children = (
				7F2806902BBEBD9D007E26AB /* News_App.app */,
			);
			name = Products;
			sourceTree = "<group>";
		};
		7F2806922BBEBD9D007E26AB /* News_App */ = {
			isa = PBXGroup;
			children = (
				7F2806D22BBF1FEC007E26AB /* Service */,
				7F2806AF2BBF19F8007E26AB /* Base */,
				7F2806A92BBF195C007E26AB /* Flow */,
				7F2806AE2BBF19EF007E26AB /* TabBar */,
				7F2806932BBEBD9D007E26AB /* AppDelegate.swift */,
				7F2806952BBEBD9D007E26AB /* SceneDelegate.swift */,
				7F2806972BBEBD9D007E26AB /* ViewController.swift */,
				7F2806992BBEBD9D007E26AB /* Main.storyboard */,
				7F28069C2BBEBD9E007E26AB /* Assets.xcassets */,
				7F28069E2BBEBD9E007E26AB /* LaunchScreen.storyboard */,
				7F2806A12BBEBD9E007E26AB /* Info.plist */,
			);
			path = News_App;
			sourceTree = "<group>";
		};
		7F2806A92BBF195C007E26AB /* Flow */ = {
			isa = PBXGroup;
			children = (
				7F2806AD2BBF19CD007E26AB /* HomeScreen */,
				7F2806AC2BBF19A9007E26AB /* FavoriteScreen */,
				7F2806AB2BBF1991007E26AB /* FavoriteDetailScreen */,
				7F2806AA2BBF1979007E26AB /* DetailNewsScreenView */,
			);
			path = Flow;
			sourceTree = "<group>";
		};
		7F2806AA2BBF1979007E26AB /* DetailNewsScreenView */ = {
			isa = PBXGroup;
			children = (
				7F2806C92BBF1B8C007E26AB /* Model */,
				7F2806C82BBF1B88007E26AB /* View */,
				7F2806C72BBF1B78007E26AB /* ViewModel */,
				7F2806C62BBF1B71007E26AB /* ViewController */,
			);
			path = DetailNewsScreenView;
			sourceTree = "<group>";
		};
		7F2806AB2BBF1991007E26AB /* FavoriteDetailScreen */ = {
			isa = PBXGroup;
			children = (
				7F2806C52BBF1B63007E26AB /* Model */,
				7F2806C42BBF1B59007E26AB /* View */,
				7F2806C32BBF1B45007E26AB /* ViewModel */,
				7F2806C22BBF1B3C007E26AB /* ViewController */,
			);
			path = FavoriteDetailScreen;
			sourceTree = "<group>";
		};
		7F2806AC2BBF19A9007E26AB /* FavoriteScreen */ = {
			isa = PBXGroup;
			children = (
				7F2806C12BBF1B34007E26AB /* Model */,
				7F2806C02BBF1B2E007E26AB /* View */,
				7F2806BF2BBF1B25007E26AB /* ViewModel */,
				7F2806BE2BBF1B1E007E26AB /* ViewController */,
			);
			path = FavoriteScreen;
			sourceTree = "<group>";
		};
		7F2806AD2BBF19CD007E26AB /* HomeScreen */ = {
			isa = PBXGroup;
			children = (
				7F2806BD2BBF1B0F007E26AB /* Model */,
				7F2806BC2BBF1B04007E26AB /* View */,
				7F2806BB2BBF1AF9007E26AB /* ViewModel */,
				7F2806BA2BBF1AE2007E26AB /* ViewController */,
			);
			path = HomeScreen;
			sourceTree = "<group>";
		};
		7F2806AE2BBF19EF007E26AB /* TabBar */ = {
			isa = PBXGroup;
			children = (
				7F2806A72BBEBDF7007E26AB /* MainTabBarViewController.swift */,
			);
			path = TabBar;
			sourceTree = "<group>";
		};
		7F2806AF2BBF19F8007E26AB /* Base */ = {
			isa = PBXGroup;
			children = (
				7F2806B02BBF1A6F007E26AB /* BaseView.swift */,
				7F2806B72BBF1A97007E26AB /* BaseViewController.swift */,
			);
			path = Base;
			sourceTree = "<group>";
		};
		7F2806BA2BBF1AE2007E26AB /* ViewController */ = {
			isa = PBXGroup;
			children = (
				7F2806CA2BBF1DC9007E26AB /* HomeViewController.swift */,
			);
			path = ViewController;
			sourceTree = "<group>";
		};
		7F2806BB2BBF1AF9007E26AB /* ViewModel */ = {
			isa = PBXGroup;
			children = (
			);
			path = ViewModel;
			sourceTree = "<group>";
		};
		7F2806BC2BBF1B04007E26AB /* View */ = {
			isa = PBXGroup;
			children = (
				7F2806CC2BBF1DD4007E26AB /* HomeView.swift */,
			);
			path = View;
			sourceTree = "<group>";
		};
		7F2806BD2BBF1B0F007E26AB /* Model */ = {
			isa = PBXGroup;
			children = (
			);
			path = Model;
			sourceTree = "<group>";
		};
		7F2806BE2BBF1B1E007E26AB /* ViewController */ = {
			isa = PBXGroup;
			children = (
				7F2806D02BBF1EF0007E26AB /* FavoriteViewController.swift */,
			);
			path = ViewController;
			sourceTree = "<group>";
		};
		7F2806BF2BBF1B25007E26AB /* ViewModel */ = {
			isa = PBXGroup;
			children = (
			);
			path = ViewModel;
			sourceTree = "<group>";
		};
		7F2806C02BBF1B2E007E26AB /* View */ = {
			isa = PBXGroup;
			children = (
				7F2806CE2BBF1ED7007E26AB /* FavoriteView.swift */,
			);
			path = View;
			sourceTree = "<group>";
		};
		7F2806C12BBF1B34007E26AB /* Model */ = {
			isa = PBXGroup;
			children = (
			);
			path = Model;
			sourceTree = "<group>";
		};
		7F2806C22BBF1B3C007E26AB /* ViewController */ = {
			isa = PBXGroup;
			children = (
			);
			path = ViewController;
			sourceTree = "<group>";
		};
		7F2806C32BBF1B45007E26AB /* ViewModel */ = {
			isa = PBXGroup;
			children = (
			);
			path = ViewModel;
			sourceTree = "<group>";
		};
		7F2806C42BBF1B59007E26AB /* View */ = {
			isa = PBXGroup;
			children = (
			);
			path = View;
			sourceTree = "<group>";
		};
		7F2806C52BBF1B63007E26AB /* Model */ = {
			isa = PBXGroup;
			children = (
			);
			path = Model;
			sourceTree = "<group>";
		};
		7F2806C62BBF1B71007E26AB /* ViewController */ = {
			isa = PBXGroup;
			children = (
			);
			path = ViewController;
			sourceTree = "<group>";
		};
		7F2806C72BBF1B78007E26AB /* ViewModel */ = {
			isa = PBXGroup;
			children = (
			);
			path = ViewModel;
			sourceTree = "<group>";
		};
		7F2806C82BBF1B88007E26AB /* View */ = {
			isa = PBXGroup;
			children = (
			);
			path = View;
			sourceTree = "<group>";
		};
		7F2806C92BBF1B8C007E26AB /* Model */ = {
			isa = PBXGroup;
			children = (
			);
			path = Model;
			sourceTree = "<group>";
		};
		7F2806D22BBF1FEC007E26AB /* Service */ = {
			isa = PBXGroup;
			children = (
			);
			path = Service;
			sourceTree = "<group>";
		};
/* End PBXGroup section */

/* Begin PBXNativeTarget section */
		7F28068F2BBEBD9D007E26AB /* News_App */ = {
			isa = PBXNativeTarget;
			buildConfigurationList = 7F2806A42BBEBD9E007E26AB /* Build configuration list for PBXNativeTarget "News_App" */;
			buildPhases = (
				7F28068C2BBEBD9D007E26AB /* Sources */,
				7F28068D2BBEBD9D007E26AB /* Frameworks */,
				7F28068E2BBEBD9D007E26AB /* Resources */,
			);
			buildRules = (
			);
			dependencies = (
			);
			name = News_App;
			packageProductDependencies = (
				7F2806B32BBF1A86007E26AB /* SnapKit */,
				7F2806B52BBF1A86007E26AB /* SnapKit-Dynamic */,
			);
			productName = News_App;
			productReference = 7F2806902BBEBD9D007E26AB /* News_App.app */;
			productType = "com.apple.product-type.application";
		};
/* End PBXNativeTarget section */

/* Begin PBXProject section */
		7F2806882BBEBD9D007E26AB /* Project object */ = {
			isa = PBXProject;
			attributes = {
				BuildIndependentTargetsInParallel = 1;
				LastSwiftUpdateCheck = 1530;
				LastUpgradeCheck = 1530;
				TargetAttributes = {
					7F28068F2BBEBD9D007E26AB = {
						CreatedOnToolsVersion = 15.3;
					};
				};
			};
			buildConfigurationList = 7F28068B2BBEBD9D007E26AB /* Build configuration list for PBXProject "News_App" */;
			compatibilityVersion = "Xcode 14.0";
			developmentRegion = en;
			hasScannedForEncodings = 0;
			knownRegions = (
				en,
				Base,
			);
			mainGroup = 7F2806872BBEBD9D007E26AB;
			packageReferences = (
				7F2806B22BBF1A86007E26AB /* XCRemoteSwiftPackageReference "SnapKit" */,
			);
			productRefGroup = 7F2806912BBEBD9D007E26AB /* Products */;
			projectDirPath = "";
			projectRoot = "";
			targets = (
				7F28068F2BBEBD9D007E26AB /* News_App */,
			);
		};
/* End PBXProject section */

/* Begin PBXResourcesBuildPhase section */
		7F28068E2BBEBD9D007E26AB /* Resources */ = {
			isa = PBXResourcesBuildPhase;
			buildActionMask = 2147483647;
			files = (
				7F28069D2BBEBD9E007E26AB /* Assets.xcassets in Resources */,
				7F2806A02BBEBD9E007E26AB /* Base in Resources */,
				7F28069B2BBEBD9D007E26AB /* Base in Resources */,
			);
			runOnlyForDeploymentPostprocessing = 0;
		};
/* End PBXResourcesBuildPhase section */

/* Begin PBXSourcesBuildPhase section */
		7F28068C2BBEBD9D007E26AB /* Sources */ = {
			isa = PBXSourcesBuildPhase;
			buildActionMask = 2147483647;
			files = (
				7F2806982BBEBD9D007E26AB /* ViewController.swift in Sources */,
				7F2806A82BBEBDF7007E26AB /* MainTabBarViewController.swift in Sources */,
				7F2806B12BBF1A6F007E26AB /* BaseView.swift in Sources */,
				7F2806942BBEBD9D007E26AB /* AppDelegate.swift in Sources */,
				7F2806D12BBF1EF0007E26AB /* FavoriteViewController.swift in Sources */,
				7F2806962BBEBD9D007E26AB /* SceneDelegate.swift in Sources */,
				7F2806CD2BBF1DD4007E26AB /* HomeView.swift in Sources */,
				7F2806CB2BBF1DC9007E26AB /* HomeViewController.swift in Sources */,
				7F2806CF2BBF1ED7007E26AB /* FavoriteView.swift in Sources */,
				7F2806B82BBF1A97007E26AB /* BaseViewController.swift in Sources */,
			);
			runOnlyForDeploymentPostprocessing = 0;
		};
/* End PBXSourcesBuildPhase section */

/* Begin PBXVariantGroup section */
		7F2806992BBEBD9D007E26AB /* Main.storyboard */ = {
			isa = PBXVariantGroup;
			children = (
				7F28069A2BBEBD9D007E26AB /* Base */,
			);
			name = Main.storyboard;
			sourceTree = "<group>";
		};
		7F28069E2BBEBD9E007E26AB /* LaunchScreen.storyboard */ = {
			isa = PBXVariantGroup;
			children = (
				7F28069F2BBEBD9E007E26AB /* Base */,
			);
			name = LaunchScreen.storyboard;
			sourceTree = "<group>";
		};
/* End PBXVariantGroup section */

/* Begin XCBuildConfiguration section */
		7F2806A22BBEBD9E007E26AB /* Debug */ = {
			isa = XCBuildConfiguration;
			buildSettings = {
				ALWAYS_SEARCH_USER_PATHS = NO;
				ASSETCATALOG_COMPILER_GENERATE_SWIFT_ASSET_SYMBOL_EXTENSIONS = YES;
				CLANG_ANALYZER_NONNULL = YES;
				CLANG_ANALYZER_NUMBER_OBJECT_CONVERSION = YES_AGGRESSIVE;
				CLANG_CXX_LANGUAGE_STANDARD = "gnu++20";
				CLANG_ENABLE_MODULES = YES;
				CLANG_ENABLE_OBJC_ARC = YES;
				CLANG_ENABLE_OBJC_WEAK = YES;
				CLANG_WARN_BLOCK_CAPTURE_AUTORELEASING = YES;
				CLANG_WARN_BOOL_CONVERSION = YES;
				CLANG_WARN_COMMA = YES;
				CLANG_WARN_CONSTANT_CONVERSION = YES;
				CLANG_WARN_DEPRECATED_OBJC_IMPLEMENTATIONS = YES;
				CLANG_WARN_DIRECT_OBJC_ISA_USAGE = YES_ERROR;
				CLANG_WARN_DOCUMENTATION_COMMENTS = YES;
				CLANG_WARN_EMPTY_BODY = YES;
				CLANG_WARN_ENUM_CONVERSION = YES;
				CLANG_WARN_INFINITE_RECURSION = YES;
				CLANG_WARN_INT_CONVERSION = YES;
				CLANG_WARN_NON_LITERAL_NULL_CONVERSION = YES;
				CLANG_WARN_OBJC_IMPLICIT_RETAIN_SELF = YES;
				CLANG_WARN_OBJC_LITERAL_CONVERSION = YES;
				CLANG_WARN_OBJC_ROOT_CLASS = YES_ERROR;
				CLANG_WARN_QUOTED_INCLUDE_IN_FRAMEWORK_HEADER = YES;
				CLANG_WARN_RANGE_LOOP_ANALYSIS = YES;
				CLANG_WARN_STRICT_PROTOTYPES = YES;
				CLANG_WARN_SUSPICIOUS_MOVE = YES;
				CLANG_WARN_UNGUARDED_AVAILABILITY = YES_AGGRESSIVE;
				CLANG_WARN_UNREACHABLE_CODE = YES;
				CLANG_WARN__DUPLICATE_METHOD_MATCH = YES;
				COPY_PHASE_STRIP = NO;
				DEBUG_INFORMATION_FORMAT = dwarf;
				ENABLE_STRICT_OBJC_MSGSEND = YES;
				ENABLE_TESTABILITY = YES;
				ENABLE_USER_SCRIPT_SANDBOXING = YES;
				GCC_C_LANGUAGE_STANDARD = gnu17;
				GCC_DYNAMIC_NO_PIC = NO;
				GCC_NO_COMMON_BLOCKS = YES;
				GCC_OPTIMIZATION_LEVEL = 0;
				GCC_PREPROCESSOR_DEFINITIONS = (
					"DEBUG=1",
					"$(inherited)",
				);
				GCC_WARN_64_TO_32_BIT_CONVERSION = YES;
				GCC_WARN_ABOUT_RETURN_TYPE = YES_ERROR;
				GCC_WARN_UNDECLARED_SELECTOR = YES;
				GCC_WARN_UNINITIALIZED_AUTOS = YES_AGGRESSIVE;
				GCC_WARN_UNUSED_FUNCTION = YES;
				GCC_WARN_UNUSED_VARIABLE = YES;
				IPHONEOS_DEPLOYMENT_TARGET = 17.4;
				LOCALIZATION_PREFERS_STRING_CATALOGS = YES;
				MTL_ENABLE_DEBUG_INFO = INCLUDE_SOURCE;
				MTL_FAST_MATH = YES;
				ONLY_ACTIVE_ARCH = YES;
				SDKROOT = iphoneos;
				SWIFT_ACTIVE_COMPILATION_CONDITIONS = "DEBUG $(inherited)";
				SWIFT_OPTIMIZATION_LEVEL = "-Onone";
			};
			name = Debug;
		};
		7F2806A32BBEBD9E007E26AB /* Release */ = {
			isa = XCBuildConfiguration;
			buildSettings = {
				ALWAYS_SEARCH_USER_PATHS = NO;
				ASSETCATALOG_COMPILER_GENERATE_SWIFT_ASSET_SYMBOL_EXTENSIONS = YES;
				CLANG_ANALYZER_NONNULL = YES;
				CLANG_ANALYZER_NUMBER_OBJECT_CONVERSION = YES_AGGRESSIVE;
				CLANG_CXX_LANGUAGE_STANDARD = "gnu++20";
				CLANG_ENABLE_MODULES = YES;
				CLANG_ENABLE_OBJC_ARC = YES;
				CLANG_ENABLE_OBJC_WEAK = YES;
				CLANG_WARN_BLOCK_CAPTURE_AUTORELEASING = YES;
				CLANG_WARN_BOOL_CONVERSION = YES;
				CLANG_WARN_COMMA = YES;
				CLANG_WARN_CONSTANT_CONVERSION = YES;
				CLANG_WARN_DEPRECATED_OBJC_IMPLEMENTATIONS = YES;
				CLANG_WARN_DIRECT_OBJC_ISA_USAGE = YES_ERROR;
				CLANG_WARN_DOCUMENTATION_COMMENTS = YES;
				CLANG_WARN_EMPTY_BODY = YES;
				CLANG_WARN_ENUM_CONVERSION = YES;
				CLANG_WARN_INFINITE_RECURSION = YES;
				CLANG_WARN_INT_CONVERSION = YES;
				CLANG_WARN_NON_LITERAL_NULL_CONVERSION = YES;
				CLANG_WARN_OBJC_IMPLICIT_RETAIN_SELF = YES;
				CLANG_WARN_OBJC_LITERAL_CONVERSION = YES;
				CLANG_WARN_OBJC_ROOT_CLASS = YES_ERROR;
				CLANG_WARN_QUOTED_INCLUDE_IN_FRAMEWORK_HEADER = YES;
				CLANG_WARN_RANGE_LOOP_ANALYSIS = YES;
				CLANG_WARN_STRICT_PROTOTYPES = YES;
				CLANG_WARN_SUSPICIOUS_MOVE = YES;
				CLANG_WARN_UNGUARDED_AVAILABILITY = YES_AGGRESSIVE;
				CLANG_WARN_UNREACHABLE_CODE = YES;
				CLANG_WARN__DUPLICATE_METHOD_MATCH = YES;
				COPY_PHASE_STRIP = NO;
				DEBUG_INFORMATION_FORMAT = "dwarf-with-dsym";
				ENABLE_NS_ASSERTIONS = NO;
				ENABLE_STRICT_OBJC_MSGSEND = YES;
				ENABLE_USER_SCRIPT_SANDBOXING = YES;
				GCC_C_LANGUAGE_STANDARD = gnu17;
				GCC_NO_COMMON_BLOCKS = YES;
				GCC_WARN_64_TO_32_BIT_CONVERSION = YES;
				GCC_WARN_ABOUT_RETURN_TYPE = YES_ERROR;
				GCC_WARN_UNDECLARED_SELECTOR = YES;
				GCC_WARN_UNINITIALIZED_AUTOS = YES_AGGRESSIVE;
				GCC_WARN_UNUSED_FUNCTION = YES;
				GCC_WARN_UNUSED_VARIABLE = YES;
				IPHONEOS_DEPLOYMENT_TARGET = 17.4;
				LOCALIZATION_PREFERS_STRING_CATALOGS = YES;
				MTL_ENABLE_DEBUG_INFO = NO;
				MTL_FAST_MATH = YES;
				SDKROOT = iphoneos;
				SWIFT_COMPILATION_MODE = wholemodule;
				VALIDATE_PRODUCT = YES;
			};
			name = Release;
		};
		7F2806A52BBEBD9E007E26AB /* Debug */ = {
			isa = XCBuildConfiguration;
			buildSettings = {
				ASSETCATALOG_COMPILER_APPICON_NAME = AppIcon;
				ASSETCATALOG_COMPILER_GLOBAL_ACCENT_COLOR_NAME = AccentColor;
				CODE_SIGN_STYLE = Automatic;
				CURRENT_PROJECT_VERSION = 1;
				GENERATE_INFOPLIST_FILE = YES;
				INFOPLIST_FILE = News_App/Info.plist;
				INFOPLIST_KEY_UIApplicationSupportsIndirectInputEvents = YES;
				INFOPLIST_KEY_UILaunchStoryboardName = LaunchScreen;
				INFOPLIST_KEY_UIMainStoryboardFile = Main;
				INFOPLIST_KEY_UISupportedInterfaceOrientations_iPad = "UIInterfaceOrientationPortrait UIInterfaceOrientationPortraitUpsideDown UIInterfaceOrientationLandscapeLeft UIInterfaceOrientationLandscapeRight";
				INFOPLIST_KEY_UISupportedInterfaceOrientations_iPhone = "UIInterfaceOrientationPortrait UIInterfaceOrientationLandscapeLeft UIInterfaceOrientationLandscapeRight";
				LD_RUNPATH_SEARCH_PATHS = (
					"$(inherited)",
					"@executable_path/Frameworks",
				);
				MARKETING_VERSION = 1.0;
				PRODUCT_BUNDLE_IDENTIFIER = "Gaiypov.News-App";
				PRODUCT_NAME = "$(TARGET_NAME)";
				SWIFT_EMIT_LOC_STRINGS = YES;
				SWIFT_VERSION = 5.0;
				TARGETED_DEVICE_FAMILY = "1,2";
			};
			name = Debug;
		};
		7F2806A62BBEBD9E007E26AB /* Release */ = {
			isa = XCBuildConfiguration;
			buildSettings = {
				ASSETCATALOG_COMPILER_APPICON_NAME = AppIcon;
				ASSETCATALOG_COMPILER_GLOBAL_ACCENT_COLOR_NAME = AccentColor;
				CODE_SIGN_STYLE = Automatic;
				CURRENT_PROJECT_VERSION = 1;
				GENERATE_INFOPLIST_FILE = YES;
				INFOPLIST_FILE = News_App/Info.plist;
				INFOPLIST_KEY_UIApplicationSupportsIndirectInputEvents = YES;
				INFOPLIST_KEY_UILaunchStoryboardName = LaunchScreen;
				INFOPLIST_KEY_UIMainStoryboardFile = Main;
				INFOPLIST_KEY_UISupportedInterfaceOrientations_iPad = "UIInterfaceOrientationPortrait UIInterfaceOrientationPortraitUpsideDown UIInterfaceOrientationLandscapeLeft UIInterfaceOrientationLandscapeRight";
				INFOPLIST_KEY_UISupportedInterfaceOrientations_iPhone = "UIInterfaceOrientationPortrait UIInterfaceOrientationLandscapeLeft UIInterfaceOrientationLandscapeRight";
				LD_RUNPATH_SEARCH_PATHS = (
					"$(inherited)",
					"@executable_path/Frameworks",
				);
				MARKETING_VERSION = 1.0;
				PRODUCT_BUNDLE_IDENTIFIER = "Gaiypov.News-App";
				PRODUCT_NAME = "$(TARGET_NAME)";
				SWIFT_EMIT_LOC_STRINGS = YES;
				SWIFT_VERSION = 5.0;
				TARGETED_DEVICE_FAMILY = "1,2";
			};
			name = Release;
		};
/* End XCBuildConfiguration section */

/* Begin XCConfigurationList section */
		7F28068B2BBEBD9D007E26AB /* Build configuration list for PBXProject "News_App" */ = {
			isa = XCConfigurationList;
			buildConfigurations = (
				7F2806A22BBEBD9E007E26AB /* Debug */,
				7F2806A32BBEBD9E007E26AB /* Release */,
			);
			defaultConfigurationIsVisible = 0;
			defaultConfigurationName = Release;
		};
		7F2806A42BBEBD9E007E26AB /* Build configuration list for PBXNativeTarget "News_App" */ = {
			isa = XCConfigurationList;
			buildConfigurations = (
				7F2806A52BBEBD9E007E26AB /* Debug */,
				7F2806A62BBEBD9E007E26AB /* Release */,
			);
			defaultConfigurationIsVisible = 0;
			defaultConfigurationName = Release;
		};
/* End XCConfigurationList section */

/* Begin XCRemoteSwiftPackageReference section */
		7F2806B22BBF1A86007E26AB /* XCRemoteSwiftPackageReference "SnapKit" */ = {
			isa = XCRemoteSwiftPackageReference;
			repositoryURL = "https://github.com/SnapKit/SnapKit";
			requirement = {
				kind = upToNextMajorVersion;
				minimumVersion = 5.7.1;
			};
		};
/* End XCRemoteSwiftPackageReference section */

/* Begin XCSwiftPackageProductDependency section */
		7F2806B32BBF1A86007E26AB /* SnapKit */ = {
			isa = XCSwiftPackageProductDependency;
			package = 7F2806B22BBF1A86007E26AB /* XCRemoteSwiftPackageReference "SnapKit" */;
			productName = SnapKit;
		};
		7F2806B52BBF1A86007E26AB /* SnapKit-Dynamic */ = {
			isa = XCSwiftPackageProductDependency;
			package = 7F2806B22BBF1A86007E26AB /* XCRemoteSwiftPackageReference "SnapKit" */;
			productName = "SnapKit-Dynamic";
		};
/* End XCSwiftPackageProductDependency section */
	};
	rootObject = 7F2806882BBEBD9D007E26AB /* Project object */;
}
